
Microsoft Visual Studio Solution File, Format Version 12.00
# Visual Studio Version 17
VisualStudioVersion = 17.0.32112.339
MinimumVisualStudioVersion = 10.0.40219.1
Project("{FAE04EC0-301F-11D3-BF4B-00C04F79EFBC}") = "RnaCamadaUnica", "RnaCamadaUnica\RnaCamadaUnica.csproj", "{26EAE3F6-BB81-45A1-A0C9-AEDF3A93D640}"
EndProject
Global
	GlobalSection(SolutionConfigurationPlatforms) = preSolution
		Debug|Any CPU = Debug|Any CPU
		Release|Any CPU = Release|Any CPU
	EndGlobalSection
	GlobalSection(ProjectConfigurationPlatforms) = postSolution
		{26EAE3F6-BB81-45A1-A0C9-AEDF3A93D640}.Debug|Any CPU.ActiveCfg = Debug|Any CPU
		{26EAE3F6-BB81-45A1-A0C9-AEDF3A93D640}.Debug|Any CPU.Build.0 = Debug|Any CPU
		{26EAE3F6-BB81-45A1-A0C9-AEDF3A93D640}.Release|Any CPU.ActiveCfg = Release|Any CPU
		{26EAE3F6-BB81-45A1-A0C9-AEDF3A93D640}.Release|Any CPU.Build.0 = Release|Any CPU
	EndGlobalSection
	GlobalSection(SolutionProperties) = preSolution
		HideSolutionNode = FALSE
	EndGlobalSection
	GlobalSection(ExtensibilityGlobals) = postSolution
		SolutionGuid = {2B7FFE12-3294-4796-9F28-7C327CC87897}
	EndGlobalSection
EndGlobal
